
Microsoft Visual Studio Solution File, Format Version 12.00
# Visual Studio Version 17
VisualStudioVersion = 17.0.31815.197
MinimumVisualStudioVersion = 10.0.40219.1
Project("{2150E333-8FDC-42A3-9474-1A3956D46DE8}") = "ThemeCurrent", "ThemeCurrent", "{15350215-5BC8-42DB-B848-2C7033AFBE77}"
EndProject
Project("{2150E333-8FDC-42A3-9474-1A3956D46DE8}") = "Lesson_01", "Lesson_01", "{A2E5BC65-6E3D-443E-B0FC-9FAC899AC2B1}"
EndProject
Project("{2150E333-8FDC-42A3-9474-1A3956D46DE8}") = "Lesson_02", "Lesson_02", "{29EDF547-B88B-413A-AB01-083C79D7DA05}"
EndProject
Project("{2150E333-8FDC-42A3-9474-1A3956D46DE8}") = "Lesson_03", "Lesson_03", "{AB7A8A34-70D8-4672-BFF9-2520220F911F}"
EndProject
Project("{2150E333-8FDC-42A3-9474-1A3956D46DE8}") = "Lesson_04", "Lesson_04", "{0FE58ADF-4C4F-4328-9EE2-90F7A640429E}"
EndProject
Project("{2150E333-8FDC-42A3-9474-1A3956D46DE8}") = "Lesson_05", "Lesson_05", "{B05B36C8-13E3-4617-9254-402AE23E0B4F}"
EndProject
Project("{2150E333-8FDC-42A3-9474-1A3956D46DE8}") = "Lesson_06", "Lesson_06", "{A5CA7254-CF46-4590-A1A2-BD26372BE5EC}"
EndProject
Project("{FAE04EC0-301F-11D3-BF4B-00C04F79EFBC}") = "Example_1111", "Example_1111\Example_1111.csproj", "{4685B43F-FC77-4F1B-B0AB-91C06A5CD052}"
EndProject
Project("{FAE04EC0-301F-11D3-BF4B-00C04F79EFBC}") = "Example_1120", "Example_1120\Example_1120.csproj", "{A7736E5E-B863-45A9-85E1-6DECB120710B}"
EndProject
Project("{FAE04EC0-301F-11D3-BF4B-00C04F79EFBC}") = "Example_1121", "Example_1121\Example_1121.csproj", "{9C3696D5-0F99-423E-8CD1-F2439B8971F7}"
EndProject
Project("{FAE04EC0-301F-11D3-BF4B-00C04F79EFBC}") = "Example_1122", "Example_1122\Example_1122.csproj", "{F1423AF3-9BCC-4164-8D6A-24AA86F2532F}"
EndProject
Project("{FAE04EC0-301F-11D3-BF4B-00C04F79EFBC}") = "Example_1123", "Example_1123\Example_1123.csproj", "{BD668740-A95F-49ED-9BB7-0482DF442EEB}"
EndProject
Project("{FAE04EC0-301F-11D3-BF4B-00C04F79EFBC}") = "Example_1131", "Example_1131\Example_1131.csproj", "{EC42A291-7CDF-4B7C-AA13-94A5651B2F60}"
EndProject
Project("{FAE04EC0-301F-11D3-BF4B-00C04F79EFBC}") = "Example_1132", "Example_1132\Example_1132.csproj", "{3AAFE957-9E69-428B-AEFA-57E5867A3067}"
EndProject
Project("{FAE04EC0-301F-11D3-BF4B-00C04F79EFBC}") = "Example_1133", "Example_1133\Example_1133.csproj", "{06EBDF86-F9A6-4166-888E-E2D138D509ED}"
EndProject
Project("{FAE04EC0-301F-11D3-BF4B-00C04F79EFBC}") = "Example_1141", "Example_1141\Example_1141.csproj", "{BD436E22-F9E7-48BB-9476-6B6CEEB4FDC9}"
EndProject
Project("{FAE04EC0-301F-11D3-BF4B-00C04F79EFBC}") = "Example_1142", "Example_1142\Example_1142.csproj", "{3164EE71-0A18-40E9-BDE7-474489B82F32}"
EndProject
Project("{FAE04EC0-301F-11D3-BF4B-00C04F79EFBC}") = "Example_1151", "Example_1151\Example_1151.csproj", "{1860A555-DC39-44DA-913C-2264BD616A2C}"
EndProject
Project("{FAE04EC0-301F-11D3-BF4B-00C04F79EFBC}") = "Example_1152", "Example_1152\Example_1152.csproj", "{D7AB2E97-A696-42AD-8D99-F16A6204ED75}"
EndProject
Project("{FAE04EC0-301F-11D3-BF4B-00C04F79EFBC}") = "Example_1153", "Example_1153\Example_1153.csproj", "{5D4C1821-3846-4C46-BC74-2CB0A3B0F1D1}"
EndProject
Project("{FAE04EC0-301F-11D3-BF4B-00C04F79EFBC}") = "Example_1154", "Example_1154\Example_1154.csproj", "{321A6842-D7C1-4E32-B6AE-4150ACD3E755}"
EndProject
Project("{FAE04EC0-301F-11D3-BF4B-00C04F79EFBC}") = "Homework", "Homework\Homework.csproj", "{AE8317BA-2B88-4C4D-8B10-EA0EB5447754}"
EndProject
Project("{FAE04EC0-301F-11D3-BF4B-00C04F79EFBC}") = "Homework_Task1", "Homework_Task1\Homework_Task1.csproj", "{997E6195-748E-4C1E-BD1D-E5AED060250D}"
EndProject
Global
	GlobalSection(SolutionConfigurationPlatforms) = preSolution
		Debug|Any CPU = Debug|Any CPU
		Release|Any CPU = Release|Any CPU
	EndGlobalSection
	GlobalSection(ProjectConfigurationPlatforms) = postSolution
		{4685B43F-FC77-4F1B-B0AB-91C06A5CD052}.Debug|Any CPU.ActiveCfg = Debug|Any CPU
		{4685B43F-FC77-4F1B-B0AB-91C06A5CD052}.Debug|Any CPU.Build.0 = Debug|Any CPU
		{4685B43F-FC77-4F1B-B0AB-91C06A5CD052}.Release|Any CPU.ActiveCfg = Release|Any CPU
		{4685B43F-FC77-4F1B-B0AB-91C06A5CD052}.Release|Any CPU.Build.0 = Release|Any CPU
		{A7736E5E-B863-45A9-85E1-6DECB120710B}.Debug|Any CPU.ActiveCfg = Debug|Any CPU
		{A7736E5E-B863-45A9-85E1-6DECB120710B}.Debug|Any CPU.Build.0 = Debug|Any CPU
		{A7736E5E-B863-45A9-85E1-6DECB120710B}.Release|Any CPU.ActiveCfg = Release|Any CPU
		{A7736E5E-B863-45A9-85E1-6DECB120710B}.Release|Any CPU.Build.0 = Release|Any CPU
		{9C3696D5-0F99-423E-8CD1-F2439B8971F7}.Debug|Any CPU.ActiveCfg = Debug|Any CPU
		{9C3696D5-0F99-423E-8CD1-F2439B8971F7}.Debug|Any CPU.Build.0 = Debug|Any CPU
		{9C3696D5-0F99-423E-8CD1-F2439B8971F7}.Release|Any CPU.ActiveCfg = Release|Any CPU
		{9C3696D5-0F99-423E-8CD1-F2439B8971F7}.Release|Any CPU.Build.0 = Release|Any CPU
		{F1423AF3-9BCC-4164-8D6A-24AA86F2532F}.Debug|Any CPU.ActiveCfg = Debug|Any CPU
		{F1423AF3-9BCC-4164-8D6A-24AA86F2532F}.Debug|Any CPU.Build.0 = Debug|Any CPU
		{F1423AF3-9BCC-4164-8D6A-24AA86F2532F}.Release|Any CPU.ActiveCfg = Release|Any CPU
		{F1423AF3-9BCC-4164-8D6A-24AA86F2532F}.Release|Any CPU.Build.0 = Release|Any CPU
		{BD668740-A95F-49ED-9BB7-0482DF442EEB}.Debug|Any CPU.ActiveCfg = Debug|Any CPU
		{BD668740-A95F-49ED-9BB7-0482DF442EEB}.Debug|Any CPU.Build.0 = Debug|Any CPU
		{BD668740-A95F-49ED-9BB7-0482DF442EEB}.Release|Any CPU.ActiveCfg = Release|Any CPU
		{BD668740-A95F-49ED-9BB7-0482DF442EEB}.Release|Any CPU.Build.0 = Release|Any CPU
		{EC42A291-7CDF-4B7C-AA13-94A5651B2F60}.Debug|Any CPU.ActiveCfg = Debug|Any CPU
		{EC42A291-7CDF-4B7C-AA13-94A5651B2F60}.Debug|Any CPU.Build.0 = Debug|Any CPU
		{EC42A291-7CDF-4B7C-AA13-94A5651B2F60}.Release|Any CPU.ActiveCfg = Release|Any CPU
		{EC42A291-7CDF-4B7C-AA13-94A5651B2F60}.Release|Any CPU.Build.0 = Release|Any CPU
		{3AAFE957-9E69-428B-AEFA-57E5867A3067}.Debug|Any CPU.ActiveCfg = Debug|Any CPU
		{3AAFE957-9E69-428B-AEFA-57E5867A3067}.Debug|Any CPU.Build.0 = Debug|Any CPU
		{3AAFE957-9E69-428B-AEFA-57E5867A3067}.Release|Any CPU.ActiveCfg = Release|Any CPU
		{3AAFE957-9E69-428B-AEFA-57E5867A3067}.Release|Any CPU.Build.0 = Release|Any CPU
		{06EBDF86-F9A6-4166-888E-E2D138D509ED}.Debug|Any CPU.ActiveCfg = Debug|Any CPU
		{06EBDF86-F9A6-4166-888E-E2D138D509ED}.Debug|Any CPU.Build.0 = Debug|Any CPU
		{06EBDF86-F9A6-4166-888E-E2D138D509ED}.Release|Any CPU.ActiveCfg = Release|Any CPU
		{06EBDF86-F9A6-4166-888E-E2D138D509ED}.Release|Any CPU.Build.0 = Release|Any CPU
		{BD436E22-F9E7-48BB-9476-6B6CEEB4FDC9}.Debug|Any CPU.ActiveCfg = Debug|Any CPU
		{BD436E22-F9E7-48BB-9476-6B6CEEB4FDC9}.Debug|Any CPU.Build.0 = Debug|Any CPU
		{BD436E22-F9E7-48BB-9476-6B6CEEB4FDC9}.Release|Any CPU.ActiveCfg = Release|Any CPU
		{BD436E22-F9E7-48BB-9476-6B6CEEB4FDC9}.Release|Any CPU.Build.0 = Release|Any CPU
		{3164EE71-0A18-40E9-BDE7-474489B82F32}.Debug|Any CPU.ActiveCfg = Debug|Any CPU
		{3164EE71-0A18-40E9-BDE7-474489B82F32}.Debug|Any CPU.Build.0 = Debug|Any CPU
		{3164EE71-0A18-40E9-BDE7-474489B82F32}.Release|Any CPU.ActiveCfg = Release|Any CPU
		{3164EE71-0A18-40E9-BDE7-474489B82F32}.Release|Any CPU.Build.0 = Release|Any CPU
		{1860A555-DC39-44DA-913C-2264BD616A2C}.Debug|Any CPU.ActiveCfg = Debug|Any CPU
		{1860A555-DC39-44DA-913C-2264BD616A2C}.Debug|Any CPU.Build.0 = Debug|Any CPU
		{1860A555-DC39-44DA-913C-2264BD616A2C}.Release|Any CPU.ActiveCfg = Release|Any CPU
		{1860A555-DC39-44DA-913C-2264BD616A2C}.Release|Any CPU.Build.0 = Release|Any CPU
		{D7AB2E97-A696-42AD-8D99-F16A6204ED75}.Debug|Any CPU.ActiveCfg = Debug|Any CPU
		{D7AB2E97-A696-42AD-8D99-F16A6204ED75}.Debug|Any CPU.Build.0 = Debug|Any CPU
		{D7AB2E97-A696-42AD-8D99-F16A6204ED75}.Release|Any CPU.ActiveCfg = Release|Any CPU
		{D7AB2E97-A696-42AD-8D99-F16A6204ED75}.Release|Any CPU.Build.0 = Release|Any CPU
		{5D4C1821-3846-4C46-BC74-2CB0A3B0F1D1}.Debug|Any CPU.ActiveCfg = Debug|Any CPU
		{5D4C1821-3846-4C46-BC74-2CB0A3B0F1D1}.Debug|Any CPU.Build.0 = Debug|Any CPU
		{5D4C1821-3846-4C46-BC74-2CB0A3B0F1D1}.Release|Any CPU.ActiveCfg = Release|Any CPU
		{5D4C1821-3846-4C46-BC74-2CB0A3B0F1D1}.Release|Any CPU.Build.0 = Release|Any CPU
		{321A6842-D7C1-4E32-B6AE-4150ACD3E755}.Debug|Any CPU.ActiveCfg = Debug|Any CPU
		{321A6842-D7C1-4E32-B6AE-4150ACD3E755}.Debug|Any CPU.Build.0 = Debug|Any CPU
		{321A6842-D7C1-4E32-B6AE-4150ACD3E755}.Release|Any CPU.ActiveCfg = Release|Any CPU
		{321A6842-D7C1-4E32-B6AE-4150ACD3E755}.Release|Any CPU.Build.0 = Release|Any CPU
		{AE8317BA-2B88-4C4D-8B10-EA0EB5447754}.Debug|Any CPU.ActiveCfg = Debug|Any CPU
		{AE8317BA-2B88-4C4D-8B10-EA0EB5447754}.Debug|Any CPU.Build.0 = Debug|Any CPU
		{AE8317BA-2B88-4C4D-8B10-EA0EB5447754}.Release|Any CPU.ActiveCfg = Release|Any CPU
		{AE8317BA-2B88-4C4D-8B10-EA0EB5447754}.Release|Any CPU.Build.0 = Release|Any CPU
		{997E6195-748E-4C1E-BD1D-E5AED060250D}.Debug|Any CPU.ActiveCfg = Debug|Any CPU
		{997E6195-748E-4C1E-BD1D-E5AED060250D}.Debug|Any CPU.Build.0 = Debug|Any CPU
		{997E6195-748E-4C1E-BD1D-E5AED060250D}.Release|Any CPU.ActiveCfg = Release|Any CPU
		{997E6195-748E-4C1E-BD1D-E5AED060250D}.Release|Any CPU.Build.0 = Release|Any CPU
	EndGlobalSection
	GlobalSection(SolutionProperties) = preSolution
		HideSolutionNode = FALSE
	EndGlobalSection
	GlobalSection(NestedProjects) = preSolution
		{A2E5BC65-6E3D-443E-B0FC-9FAC899AC2B1} = {15350215-5BC8-42DB-B848-2C7033AFBE77}
		{29EDF547-B88B-413A-AB01-083C79D7DA05} = {15350215-5BC8-42DB-B848-2C7033AFBE77}
		{AB7A8A34-70D8-4672-BFF9-2520220F911F} = {15350215-5BC8-42DB-B848-2C7033AFBE77}
		{0FE58ADF-4C4F-4328-9EE2-90F7A640429E} = {15350215-5BC8-42DB-B848-2C7033AFBE77}
		{B05B36C8-13E3-4617-9254-402AE23E0B4F} = {15350215-5BC8-42DB-B848-2C7033AFBE77}
		{A5CA7254-CF46-4590-A1A2-BD26372BE5EC} = {15350215-5BC8-42DB-B848-2C7033AFBE77}
		{4685B43F-FC77-4F1B-B0AB-91C06A5CD052} = {A2E5BC65-6E3D-443E-B0FC-9FAC899AC2B1}
		{A7736E5E-B863-45A9-85E1-6DECB120710B} = {29EDF547-B88B-413A-AB01-083C79D7DA05}
		{9C3696D5-0F99-423E-8CD1-F2439B8971F7} = {29EDF547-B88B-413A-AB01-083C79D7DA05}
		{F1423AF3-9BCC-4164-8D6A-24AA86F2532F} = {29EDF547-B88B-413A-AB01-083C79D7DA05}
		{BD668740-A95F-49ED-9BB7-0482DF442EEB} = {29EDF547-B88B-413A-AB01-083C79D7DA05}
		{EC42A291-7CDF-4B7C-AA13-94A5651B2F60} = {AB7A8A34-70D8-4672-BFF9-2520220F911F}
		{3AAFE957-9E69-428B-AEFA-57E5867A3067} = {AB7A8A34-70D8-4672-BFF9-2520220F911F}
		{06EBDF86-F9A6-4166-888E-E2D138D509ED} = {AB7A8A34-70D8-4672-BFF9-2520220F911F}
		{BD436E22-F9E7-48BB-9476-6B6CEEB4FDC9} = {0FE58ADF-4C4F-4328-9EE2-90F7A640429E}
		{3164EE71-0A18-40E9-BDE7-474489B82F32} = {0FE58ADF-4C4F-4328-9EE2-90F7A640429E}
		{1860A555-DC39-44DA-913C-2264BD616A2C} = {B05B36C8-13E3-4617-9254-402AE23E0B4F}
		{D7AB2E97-A696-42AD-8D99-F16A6204ED75} = {B05B36C8-13E3-4617-9254-402AE23E0B4F}
		{5D4C1821-3846-4C46-BC74-2CB0A3B0F1D1} = {B05B36C8-13E3-4617-9254-402AE23E0B4F}
		{321A6842-D7C1-4E32-B6AE-4150ACD3E755} = {B05B36C8-13E3-4617-9254-402AE23E0B4F}
		{AE8317BA-2B88-4C4D-8B10-EA0EB5447754} = {A5CA7254-CF46-4590-A1A2-BD26372BE5EC}
		{997E6195-748E-4C1E-BD1D-E5AED060250D} = {A5CA7254-CF46-4590-A1A2-BD26372BE5EC}
	EndGlobalSection
	GlobalSection(ExtensibilityGlobals) = postSolution
		SolutionGuid = {6CE69695-2389-49A4-A8B3-FCD865258688}
	EndGlobalSection
EndGlobal
